
Microsoft Visual Studio Solution File, Format Version 12.00
# Visual Studio 15
VisualStudioVersion = 15.0.26430.13
MinimumVisualStudioVersion = 10.0.40219.1
Project("{FAE04EC0-301F-11D3-BF4B-00C04F79EFBC}") = "URSpot.Core", "URSpot\URSpot.Core\URSpot.Core.csproj", "{0FDECBB6-725A-4784-BCB5-50BC9AE53B79}"
EndProject
Project("{FAE04EC0-301F-11D3-BF4B-00C04F79EFBC}") = "URSpot.Droid", "URSpot\URSpot.Android\URSpot.Droid.csproj", "{15A96D72-8D53-4E71-9721-616303033B8E}"
EndProject
Project("{FAE04EC0-301F-11D3-BF4B-00C04F79EFBC}") = "URSpot.iOS", "URSpot\URSpot.iOS\URSpot.iOS.csproj", "{112316F7-4154-4556-8F23-EE4CDB004310}"
EndProject
Global
	GlobalSection(SolutionConfigurationPlatforms) = preSolution
		Ad-Hoc|Any CPU = Ad-Hoc|Any CPU
		Ad-Hoc|iPhone = Ad-Hoc|iPhone
		Ad-Hoc|iPhoneSimulator = Ad-Hoc|iPhoneSimulator
		AppStore|Any CPU = AppStore|Any CPU
		AppStore|iPhone = AppStore|iPhone
		AppStore|iPhoneSimulator = AppStore|iPhoneSimulator
		Debug|Any CPU = Debug|Any CPU
		Debug|iPhone = Debug|iPhone
		Debug|iPhoneSimulator = Debug|iPhoneSimulator
		Release|Any CPU = Release|Any CPU
		Release|iPhone = Release|iPhone
		Release|iPhoneSimulator = Release|iPhoneSimulator
	EndGlobalSection
	GlobalSection(ProjectConfigurationPlatforms) = postSolution
		{0FDECBB6-725A-4784-BCB5-50BC9AE53B79}.Ad-Hoc|Any CPU.ActiveCfg = Release|Any CPU
		{0FDECBB6-725A-4784-BCB5-50BC9AE53B79}.Ad-Hoc|Any CPU.Build.0 = Release|Any CPU
		{0FDECBB6-725A-4784-BCB5-50BC9AE53B79}.Ad-Hoc|iPhone.ActiveCfg = Release|Any CPU
		{0FDECBB6-725A-4784-BCB5-50BC9AE53B79}.Ad-Hoc|iPhone.Build.0 = Release|Any CPU
		{0FDECBB6-725A-4784-BCB5-50BC9AE53B79}.Ad-Hoc|iPhoneSimulator.ActiveCfg = Release|Any CPU
		{0FDECBB6-725A-4784-BCB5-50BC9AE53B79}.Ad-Hoc|iPhoneSimulator.Build.0 = Release|Any CPU
		{0FDECBB6-725A-4784-BCB5-50BC9AE53B79}.AppStore|Any CPU.ActiveCfg = Release|Any CPU
		{0FDECBB6-725A-4784-BCB5-50BC9AE53B79}.AppStore|Any CPU.Build.0 = Release|Any CPU
		{0FDECBB6-725A-4784-BCB5-50BC9AE53B79}.AppStore|iPhone.ActiveCfg = Release|Any CPU
		{0FDECBB6-725A-4784-BCB5-50BC9AE53B79}.AppStore|iPhone.Build.0 = Release|Any CPU
		{0FDECBB6-725A-4784-BCB5-50BC9AE53B79}.AppStore|iPhoneSimulator.ActiveCfg = Release|Any CPU
		{0FDECBB6-725A-4784-BCB5-50BC9AE53B79}.AppStore|iPhoneSimulator.Build.0 = Release|Any CPU
		{0FDECBB6-725A-4784-BCB5-50BC9AE53B79}.Debug|Any CPU.ActiveCfg = Debug|Any CPU
		{0FDECBB6-725A-4784-BCB5-50BC9AE53B79}.Debug|Any CPU.Build.0 = Debug|Any CPU
		{0FDECBB6-725A-4784-BCB5-50BC9AE53B79}.Debug|iPhone.ActiveCfg = Debug|Any CPU
		{0FDECBB6-725A-4784-BCB5-50BC9AE53B79}.Debug|iPhone.Build.0 = Debug|Any CPU
		{0FDECBB6-725A-4784-BCB5-50BC9AE53B79}.Debug|iPhoneSimulator.ActiveCfg = Debug|Any CPU
		{0FDECBB6-725A-4784-BCB5-50BC9AE53B79}.Debug|iPhoneSimulator.Build.0 = Debug|Any CPU
		{0FDECBB6-725A-4784-BCB5-50BC9AE53B79}.Release|Any CPU.ActiveCfg = Release|Any CPU
		{0FDECBB6-725A-4784-BCB5-50BC9AE53B79}.Release|Any CPU.Build.0 = Release|Any CPU
		{0FDECBB6-725A-4784-BCB5-50BC9AE53B79}.Release|iPhone.ActiveCfg = Release|Any CPU
		{0FDECBB6-725A-4784-BCB5-50BC9AE53B79}.Release|iPhone.Build.0 = Release|Any CPU
		{0FDECBB6-725A-4784-BCB5-50BC9AE53B79}.Release|iPhoneSimulator.ActiveCfg = Release|Any CPU
		{0FDECBB6-725A-4784-BCB5-50BC9AE53B79}.Release|iPhoneSimulator.Build.0 = Release|Any CPU
		{15A96D72-8D53-4E71-9721-616303033B8E}.Ad-Hoc|Any CPU.ActiveCfg = Release|Any CPU
		{15A96D72-8D53-4E71-9721-616303033B8E}.Ad-Hoc|Any CPU.Build.0 = Release|Any CPU
		{15A96D72-8D53-4E71-9721-616303033B8E}.Ad-Hoc|Any CPU.Deploy.0 = Release|Any CPU
		{15A96D72-8D53-4E71-9721-616303033B8E}.Ad-Hoc|iPhone.ActiveCfg = Release|Any CPU
		{15A96D72-8D53-4E71-9721-616303033B8E}.Ad-Hoc|iPhone.Build.0 = Release|Any CPU
		{15A96D72-8D53-4E71-9721-616303033B8E}.Ad-Hoc|iPhone.Deploy.0 = Release|Any CPU
		{15A96D72-8D53-4E71-9721-616303033B8E}.Ad-Hoc|iPhoneSimulator.ActiveCfg = Release|Any CPU
		{15A96D72-8D53-4E71-9721-616303033B8E}.Ad-Hoc|iPhoneSimulator.Build.0 = Release|Any CPU
		{15A96D72-8D53-4E71-9721-616303033B8E}.Ad-Hoc|iPhoneSimulator.Deploy.0 = Release|Any CPU
		{15A96D72-8D53-4E71-9721-616303033B8E}.AppStore|Any CPU.ActiveCfg = Release|Any CPU
		{15A96D72-8D53-4E71-9721-616303033B8E}.AppStore|Any CPU.Build.0 = Release|Any CPU
		{15A96D72-8D53-4E71-9721-616303033B8E}.AppStore|Any CPU.Deploy.0 = Release|Any CPU
		{15A96D72-8D53-4E71-9721-616303033B8E}.AppStore|iPhone.ActiveCfg = Release|Any CPU
		{15A96D72-8D53-4E71-9721-616303033B8E}.AppStore|iPhone.Build.0 = Release|Any CPU
		{15A96D72-8D53-4E71-9721-616303033B8E}.AppStore|iPhone.Deploy.0 = Release|Any CPU
		{15A96D72-8D53-4E71-9721-616303033B8E}.AppStore|iPhoneSimulator.ActiveCfg = Release|Any CPU
		{15A96D72-8D53-4E71-9721-616303033B8E}.AppStore|iPhoneSimulator.Build.0 = Release|Any CPU
		{15A96D72-8D53-4E71-9721-616303033B8E}.AppStore|iPhoneSimulator.Deploy.0 = Release|Any CPU
		{15A96D72-8D53-4E71-9721-616303033B8E}.Debug|Any CPU.ActiveCfg = Debug|Any CPU
		{15A96D72-8D53-4E71-9721-616303033B8E}.Debug|Any CPU.Build.0 = Debug|Any CPU
		{15A96D72-8D53-4E71-9721-616303033B8E}.Debug|Any CPU.Deploy.0 = Debug|Any CPU
		{15A96D72-8D53-4E71-9721-616303033B8E}.Debug|iPhone.ActiveCfg = Debug|Any CPU
		{15A96D72-8D53-4E71-9721-616303033B8E}.Debug|iPhone.Build.0 = Debug|Any CPU
		{15A96D72-8D53-4E71-9721-616303033B8E}.Debug|iPhone.Deploy.0 = Debug|Any CPU
		{15A96D72-8D53-4E71-9721-616303033B8E}.Debug|iPhoneSimulator.ActiveCfg = Debug|Any CPU
		{15A96D72-8D53-4E71-9721-616303033B8E}.Debug|iPhoneSimulator.Build.0 = Debug|Any CPU
		{15A96D72-8D53-4E71-9721-616303033B8E}.Debug|iPhoneSimulator.Deploy.0 = Debug|Any CPU
		{15A96D72-8D53-4E71-9721-616303033B8E}.Release|Any CPU.ActiveCfg = Release|Any CPU
		{15A96D72-8D53-4E71-9721-616303033B8E}.Release|Any CPU.Build.0 = Release|Any CPU
		{15A96D72-8D53-4E71-9721-616303033B8E}.Release|Any CPU.Deploy.0 = Release|Any CPU
		{15A96D72-8D53-4E71-9721-616303033B8E}.Release|iPhone.ActiveCfg = Release|Any CPU
		{15A96D72-8D53-4E71-9721-616303033B8E}.Release|iPhone.Build.0 = Release|Any CPU
		{15A96D72-8D53-4E71-9721-616303033B8E}.Release|iPhone.Deploy.0 = Release|Any CPU
		{15A96D72-8D53-4E71-9721-616303033B8E}.Release|iPhoneSimulator.ActiveCfg = Release|Any CPU
		{15A96D72-8D53-4E71-9721-616303033B8E}.Release|iPhoneSimulator.Build.0 = Release|Any CPU
		{15A96D72-8D53-4E71-9721-616303033B8E}.Release|iPhoneSimulator.Deploy.0 = Release|Any CPU
		{112316F7-4154-4556-8F23-EE4CDB004310}.Ad-Hoc|Any CPU.ActiveCfg = Ad-Hoc|iPhone
		{112316F7-4154-4556-8F23-EE4CDB004310}.Ad-Hoc|iPhone.ActiveCfg = Ad-Hoc|iPhone
		{112316F7-4154-4556-8F23-EE4CDB004310}.Ad-Hoc|iPhone.Build.0 = Ad-Hoc|iPhone
		{112316F7-4154-4556-8F23-EE4CDB004310}.Ad-Hoc|iPhoneSimulator.ActiveCfg = Ad-Hoc|iPhoneSimulator
		{112316F7-4154-4556-8F23-EE4CDB004310}.Ad-Hoc|iPhoneSimulator.Build.0 = Ad-Hoc|iPhoneSimulator
		{112316F7-4154-4556-8F23-EE4CDB004310}.AppStore|Any CPU.ActiveCfg = AppStore|iPhone
		{112316F7-4154-4556-8F23-EE4CDB004310}.AppStore|iPhone.ActiveCfg = AppStore|iPhone
		{112316F7-4154-4556-8F23-EE4CDB004310}.AppStore|iPhone.Build.0 = AppStore|iPhone
		{112316F7-4154-4556-8F23-EE4CDB004310}.AppStore|iPhoneSimulator.ActiveCfg = AppStore|iPhoneSimulator
		{112316F7-4154-4556-8F23-EE4CDB004310}.AppStore|iPhoneSimulator.Build.0 = AppStore|iPhoneSimulator
		{112316F7-4154-4556-8F23-EE4CDB004310}.Debug|Any CPU.ActiveCfg = Debug|iPhone
		{112316F7-4154-4556-8F23-EE4CDB004310}.Debug|iPhone.ActiveCfg = Debug|iPhone
		{112316F7-4154-4556-8F23-EE4CDB004310}.Debug|iPhone.Build.0 = Debug|iPhone
		{112316F7-4154-4556-8F23-EE4CDB004310}.Debug|iPhoneSimulator.ActiveCfg = Debug|iPhoneSimulator
		{112316F7-4154-4556-8F23-EE4CDB004310}.Debug|iPhoneSimulator.Build.0 = Debug|iPhoneSimulator
		{112316F7-4154-4556-8F23-EE4CDB004310}.Release|Any CPU.ActiveCfg = Release|iPhone
		{112316F7-4154-4556-8F23-EE4CDB004310}.Release|iPhone.ActiveCfg = Release|iPhone
		{112316F7-4154-4556-8F23-EE4CDB004310}.Release|iPhone.Build.0 = Release|iPhone
		{112316F7-4154-4556-8F23-EE4CDB004310}.Release|iPhoneSimulator.ActiveCfg = Release|iPhoneSimulator
		{112316F7-4154-4556-8F23-EE4CDB004310}.Release|iPhoneSimulator.Build.0 = Release|iPhoneSimulator
	EndGlobalSection
	GlobalSection(SolutionProperties) = preSolution
		HideSolutionNode = FALSE
	EndGlobalSection
EndGlobal
