
Microsoft Visual Studio Solution File, Format Version 12.00
# Visual Studio 2012
Project("{FAE04EC0-301F-11D3-BF4B-00C04F79EFBC}") = "TestApp", "TestApp\TestApp.csproj", "{733FE8B2-46C4-4205-B382-DFDC9B700A86}"
EndProject
Project("{FAE04EC0-301F-11D3-BF4B-00C04F79EFBC}") = "TestApp.iOS", "iOS\TestApp.iOS.csproj", "{69E5BB86-21F8-45ED-8C3F-15006999424C}"
EndProject
Project("{FAE04EC0-301F-11D3-BF4B-00C04F79EFBC}") = "TestApp.Droid", "Droid\TestApp.Droid.csproj", "{76AE80AD-63DC-426B-BB92-16E7F08F0C57}"
EndProject
Global
	GlobalSection(SolutionConfigurationPlatforms) = preSolution
		Debug|Any CPU = Debug|Any CPU
		Release|Any CPU = Release|Any CPU
		Debug|iPhoneSimulator = Debug|iPhoneSimulator
		Release|iPhone = Release|iPhone
		Release|iPhoneSimulator = Release|iPhoneSimulator
		Debug|iPhone = Debug|iPhone
	EndGlobalSection
	GlobalSection(ProjectConfigurationPlatforms) = postSolution
		{733FE8B2-46C4-4205-B382-DFDC9B700A86}.Debug|Any CPU.ActiveCfg = Debug|Any CPU
		{733FE8B2-46C4-4205-B382-DFDC9B700A86}.Debug|Any CPU.Build.0 = Debug|Any CPU
		{733FE8B2-46C4-4205-B382-DFDC9B700A86}.Release|Any CPU.ActiveCfg = Release|Any CPU
		{733FE8B2-46C4-4205-B382-DFDC9B700A86}.Release|Any CPU.Build.0 = Release|Any CPU
		{733FE8B2-46C4-4205-B382-DFDC9B700A86}.Debug|iPhoneSimulator.ActiveCfg = Debug|Any CPU
		{733FE8B2-46C4-4205-B382-DFDC9B700A86}.Debug|iPhoneSimulator.Build.0 = Debug|Any CPU
		{733FE8B2-46C4-4205-B382-DFDC9B700A86}.Release|iPhone.ActiveCfg = Release|Any CPU
		{733FE8B2-46C4-4205-B382-DFDC9B700A86}.Release|iPhone.Build.0 = Release|Any CPU
		{733FE8B2-46C4-4205-B382-DFDC9B700A86}.Release|iPhoneSimulator.ActiveCfg = Release|Any CPU
		{733FE8B2-46C4-4205-B382-DFDC9B700A86}.Release|iPhoneSimulator.Build.0 = Release|Any CPU
		{733FE8B2-46C4-4205-B382-DFDC9B700A86}.Debug|iPhone.ActiveCfg = Debug|Any CPU
		{733FE8B2-46C4-4205-B382-DFDC9B700A86}.Debug|iPhone.Build.0 = Debug|Any CPU
		{69E5BB86-21F8-45ED-8C3F-15006999424C}.Debug|Any CPU.ActiveCfg = Debug|iPhoneSimulator
		{69E5BB86-21F8-45ED-8C3F-15006999424C}.Debug|Any CPU.Build.0 = Debug|iPhoneSimulator
		{69E5BB86-21F8-45ED-8C3F-15006999424C}.Release|Any CPU.ActiveCfg = Release|iPhone
		{69E5BB86-21F8-45ED-8C3F-15006999424C}.Release|Any CPU.Build.0 = Release|iPhone
		{69E5BB86-21F8-45ED-8C3F-15006999424C}.Debug|iPhoneSimulator.ActiveCfg = Debug|iPhoneSimulator
		{69E5BB86-21F8-45ED-8C3F-15006999424C}.Debug|iPhoneSimulator.Build.0 = Debug|iPhoneSimulator
		{69E5BB86-21F8-45ED-8C3F-15006999424C}.Release|iPhone.ActiveCfg = Release|iPhone
		{69E5BB86-21F8-45ED-8C3F-15006999424C}.Release|iPhone.Build.0 = Release|iPhone
		{69E5BB86-21F8-45ED-8C3F-15006999424C}.Release|iPhoneSimulator.ActiveCfg = Release|iPhoneSimulator
		{69E5BB86-21F8-45ED-8C3F-15006999424C}.Release|iPhoneSimulator.Build.0 = Release|iPhoneSimulator
		{69E5BB86-21F8-45ED-8C3F-15006999424C}.Debug|iPhone.ActiveCfg = Debug|iPhone
		{69E5BB86-21F8-45ED-8C3F-15006999424C}.Debug|iPhone.Build.0 = Debug|iPhone
		{76AE80AD-63DC-426B-BB92-16E7F08F0C57}.Debug|Any CPU.ActiveCfg = Debug|Any CPU
		{76AE80AD-63DC-426B-BB92-16E7F08F0C57}.Debug|Any CPU.Build.0 = Debug|Any CPU
		{76AE80AD-63DC-426B-BB92-16E7F08F0C57}.Release|Any CPU.ActiveCfg = Release|Any CPU
		{76AE80AD-63DC-426B-BB92-16E7F08F0C57}.Release|Any CPU.Build.0 = Release|Any CPU
		{76AE80AD-63DC-426B-BB92-16E7F08F0C57}.Debug|iPhoneSimulator.ActiveCfg = Debug|Any CPU
		{76AE80AD-63DC-426B-BB92-16E7F08F0C57}.Debug|iPhoneSimulator.Build.0 = Debug|Any CPU
		{76AE80AD-63DC-426B-BB92-16E7F08F0C57}.Release|iPhone.ActiveCfg = Release|Any CPU
		{76AE80AD-63DC-426B-BB92-16E7F08F0C57}.Release|iPhone.Build.0 = Release|Any CPU
		{76AE80AD-63DC-426B-BB92-16E7F08F0C57}.Release|iPhoneSimulator.ActiveCfg = Release|Any CPU
		{76AE80AD-63DC-426B-BB92-16E7F08F0C57}.Release|iPhoneSimulator.Build.0 = Release|Any CPU
		{76AE80AD-63DC-426B-BB92-16E7F08F0C57}.Debug|iPhone.ActiveCfg = Debug|Any CPU
		{76AE80AD-63DC-426B-BB92-16E7F08F0C57}.Debug|iPhone.Build.0 = Debug|Any CPU
	EndGlobalSection
EndGlobal
